// !$*UTF8*$!
{
	archiveVersion = 1;
	classes = {
	};
	objectVersion = 56;
	objects = {

/* Begin PBXBuildFile section */
		8D5542982A387C8A00E20AEC /* ContentView2.swift in Sources */ = {isa = PBXBuildFile; fileRef = 8D5542972A387C8A00E20AEC /* ContentView2.swift */; };
		8D78E9572A6686B6003E244A /* SwiftUIImageZoomViewer.swift in Sources */ = {isa = PBXBuildFile; fileRef = 8D78E9562A6686B6003E244A /* SwiftUIImageZoomViewer.swift */; };
		8D78E95A2A668934003E244A /* ContentView3.swift in Sources */ = {isa = PBXBuildFile; fileRef = 8D78E9592A668934003E244A /* ContentView3.swift */; };
		8D78E95D2A668C17003E244A /* MapImagePinSmall.swift in Sources */ = {isa = PBXBuildFile; fileRef = 8D78E95C2A668C17003E244A /* MapImagePinSmall.swift */; };
		8D78E9612A66C3A2003E244A /* ContentView4.swift in Sources */ = {isa = PBXBuildFile; fileRef = 8D78E9602A66C3A2003E244A /* ContentView4.swift */; };
		8D9575082A2B5A6000B66B19 /* PinImageToImageTestApp.swift in Sources */ = {isa = PBXBuildFile; fileRef = 8D9575072A2B5A6000B66B19 /* PinImageToImageTestApp.swift */; };
		8D95750A2A2B5A6000B66B19 /* ContentView.swift in Sources */ = {isa = PBXBuildFile; fileRef = 8D9575092A2B5A6000B66B19 /* ContentView.swift */; };
		8D95750C2A2B5A6100B66B19 /* Assets.xcassets in Resources */ = {isa = PBXBuildFile; fileRef = 8D95750B2A2B5A6100B66B19 /* Assets.xcassets */; };
		8D95750F2A2B5A6100B66B19 /* Preview Assets.xcassets in Resources */ = {isa = PBXBuildFile; fileRef = 8D95750E2A2B5A6100B66B19 /* Preview Assets.xcassets */; };
		8D9575182A2B6A9C00B66B19 /* PinchAndZoomModifier.swift in Sources */ = {isa = PBXBuildFile; fileRef = 8D9575172A2B6A9C00B66B19 /* PinchAndZoomModifier.swift */; };
		8DA20F102A31F474006242CB /* GeometryProxy-Extension.swift in Sources */ = {isa = PBXBuildFile; fileRef = 8DA20F0F2A31F474006242CB /* GeometryProxy-Extension.swift */; };
/* End PBXBuildFile section */

/* Begin PBXFileReference section */
		8D5542972A387C8A00E20AEC /* ContentView2.swift */ = {isa = PBXFileReference; lastKnownFileType = sourcecode.swift; path = ContentView2.swift; sourceTree = "<group>"; };
		8D78E9562A6686B6003E244A /* SwiftUIImageZoomViewer.swift */ = {isa = PBXFileReference; lastKnownFileType = sourcecode.swift; path = SwiftUIImageZoomViewer.swift; sourceTree = "<group>"; };
		8D78E9592A668934003E244A /* ContentView3.swift */ = {isa = PBXFileReference; lastKnownFileType = sourcecode.swift; path = ContentView3.swift; sourceTree = "<group>"; };
		8D78E95C2A668C17003E244A /* MapImagePinSmall.swift */ = {isa = PBXFileReference; lastKnownFileType = sourcecode.swift; path = MapImagePinSmall.swift; sourceTree = "<group>"; };
		8D78E9602A66C3A2003E244A /* ContentView4.swift */ = {isa = PBXFileReference; lastKnownFileType = sourcecode.swift; path = ContentView4.swift; sourceTree = "<group>"; };
		8D9575042A2B5A6000B66B19 /* PinImageToImageTest.app */ = {isa = PBXFileReference; explicitFileType = wrapper.application; includeInIndex = 0; path = PinImageToImageTest.app; sourceTree = BUILT_PRODUCTS_DIR; };
		8D9575072A2B5A6000B66B19 /* PinImageToImageTestApp.swift */ = {isa = PBXFileReference; lastKnownFileType = sourcecode.swift; path = PinImageToImageTestApp.swift; sourceTree = "<group>"; };
		8D9575092A2B5A6000B66B19 /* ContentView.swift */ = {isa = PBXFileReference; lastKnownFileType = sourcecode.swift; path = ContentView.swift; sourceTree = "<group>"; };
		8D95750B2A2B5A6100B66B19 /* Assets.xcassets */ = {isa = PBXFileReference; lastKnownFileType = folder.assetcatalog; path = Assets.xcassets; sourceTree = "<group>"; };
		8D95750E2A2B5A6100B66B19 /* Preview Assets.xcassets */ = {isa = PBXFileReference; lastKnownFileType = folder.assetcatalog; path = "Preview Assets.xcassets"; sourceTree = "<group>"; };
		8D9575172A2B6A9C00B66B19 /* PinchAndZoomModifier.swift */ = {isa = PBXFileReference; lastKnownFileType = sourcecode.swift; path = PinchAndZoomModifier.swift; sourceTree = "<group>"; };
		8DA20F0F2A31F474006242CB /* GeometryProxy-Extension.swift */ = {isa = PBXFileReference; lastKnownFileType = sourcecode.swift; path = "GeometryProxy-Extension.swift"; sourceTree = "<group>"; };
/* End PBXFileReference section */

/* Begin PBXFrameworksBuildPhase section */
		8D9575012A2B5A6000B66B19 /* Frameworks */ = {
			isa = PBXFrameworksBuildPhase;
			buildActionMask = 2147483647;
			files = (
			);
			runOnlyForDeploymentPostprocessing = 0;
		};
/* End PBXFrameworksBuildPhase section */

/* Begin PBXGroup section */
		8D78E9542A668545003E244A /* Scenario 1 */ = {
			isa = PBXGroup;
			children = (
				8D9575092A2B5A6000B66B19 /* ContentView.swift */,
				8D9575172A2B6A9C00B66B19 /* PinchAndZoomModifier.swift */,
			);
			path = "Scenario 1";
			sourceTree = "<group>";
		};
		8D78E9552A66856A003E244A /* Scenario 2 */ = {
			isa = PBXGroup;
			children = (
				8D5542972A387C8A00E20AEC /* ContentView2.swift */,
				8D78E9562A6686B6003E244A /* SwiftUIImageZoomViewer.swift */,
			);
			path = "Scenario 2";
			sourceTree = "<group>";
		};
		8D78E9582A6688F6003E244A /* Scenario 3 */ = {
			isa = PBXGroup;
			children = (
				8D78E9592A668934003E244A /* ContentView3.swift */,
			);
			path = "Scenario 3";
			sourceTree = "<group>";
		};
		8D78E95B2A668BE5003E244A /* Helpers */ = {
			isa = PBXGroup;
			children = (
				8DA20F0F2A31F474006242CB /* GeometryProxy-Extension.swift */,
				8D78E95C2A668C17003E244A /* MapImagePinSmall.swift */,
			);
			path = Helpers;
			sourceTree = "<group>";
		};
		8D78E9622A66C3AB003E244A /* Scenario 4 */ = {
			isa = PBXGroup;
			children = (
				8D78E9602A66C3A2003E244A /* ContentView4.swift */,
			);
			path = "Scenario 4";
			sourceTree = "<group>";
		};
		8D9574FB2A2B5A6000B66B19 = {
			isa = PBXGroup;
			children = (
				8D9575062A2B5A6000B66B19 /* PinImageToImageTest */,
				8D9575052A2B5A6000B66B19 /* Products */,
			);
			sourceTree = "<group>";
		};
		8D9575052A2B5A6000B66B19 /* Products */ = {
			isa = PBXGroup;
			children = (
				8D9575042A2B5A6000B66B19 /* PinImageToImageTest.app */,
			);
			name = Products;
			sourceTree = "<group>";
		};
		8D9575062A2B5A6000B66B19 /* PinImageToImageTest */ = {
			isa = PBXGroup;
			children = (
				8D9575072A2B5A6000B66B19 /* PinImageToImageTestApp.swift */,
				8D78E9542A668545003E244A /* Scenario 1 */,
				8D78E9552A66856A003E244A /* Scenario 2 */,
				8D78E9582A6688F6003E244A /* Scenario 3 */,
				8D78E9622A66C3AB003E244A /* Scenario 4 */,
				8D78E95B2A668BE5003E244A /* Helpers */,
				8D95750B2A2B5A6100B66B19 /* Assets.xcassets */,
				8D95750D2A2B5A6100B66B19 /* Preview Content */,
			);
			path = PinImageToImageTest;
			sourceTree = "<group>";
		};
		8D95750D2A2B5A6100B66B19 /* Preview Content */ = {
			isa = PBXGroup;
			children = (
				8D95750E2A2B5A6100B66B19 /* Preview Assets.xcassets */,
			);
			path = "Preview Content";
			sourceTree = "<group>";
		};
/* End PBXGroup section */

/* Begin PBXNativeTarget section */
		8D9575032A2B5A6000B66B19 /* PinImageToImageTest */ = {
			isa = PBXNativeTarget;
			buildConfigurationList = 8D9575122A2B5A6100B66B19 /* Build configuration list for PBXNativeTarget "PinImageToImageTest" */;
			buildPhases = (
				8D9575002A2B5A6000B66B19 /* Sources */,
				8D9575012A2B5A6000B66B19 /* Frameworks */,
				8D9575022A2B5A6000B66B19 /* Resources */,
			);
			buildRules = (
			);
			dependencies = (
			);
			name = PinImageToImageTest;
			productName = PinImageToImageTest;
			productReference = 8D9575042A2B5A6000B66B19 /* PinImageToImageTest.app */;
			productType = "com.apple.product-type.application";
		};
/* End PBXNativeTarget section */

/* Begin PBXProject section */
		8D9574FC2A2B5A6000B66B19 /* Project object */ = {
			isa = PBXProject;
			attributes = {
				BuildIndependentTargetsInParallel = 1;
				LastSwiftUpdateCheck = 1430;
				LastUpgradeCheck = 1430;
				TargetAttributes = {
					8D9575032A2B5A6000B66B19 = {
						CreatedOnToolsVersion = 14.3.1;
					};
				};
			};
			buildConfigurationList = 8D9574FF2A2B5A6000B66B19 /* Build configuration list for PBXProject "PinImageToImageTest" */;
			compatibilityVersion = "Xcode 14.0";
			developmentRegion = en;
			hasScannedForEncodings = 0;
			knownRegions = (
				en,
				Base,
			);
			mainGroup = 8D9574FB2A2B5A6000B66B19;
			productRefGroup = 8D9575052A2B5A6000B66B19 /* Products */;
			projectDirPath = "";
			projectRoot = "";
			targets = (
				8D9575032A2B5A6000B66B19 /* PinImageToImageTest */,
			);
		};
/* End PBXProject section */

/* Begin PBXResourcesBuildPhase section */
		8D9575022A2B5A6000B66B19 /* Resources */ = {
			isa = PBXResourcesBuildPhase;
			buildActionMask = 2147483647;
			files = (
				8D95750F2A2B5A6100B66B19 /* Preview Assets.xcassets in Resources */,
				8D95750C2A2B5A6100B66B19 /* Assets.xcassets in Resources */,
			);
			runOnlyForDeploymentPostprocessing = 0;
		};
/* End PBXResourcesBuildPhase section */

/* Begin PBXSourcesBuildPhase section */
		8D9575002A2B5A6000B66B19 /* Sources */ = {
			isa = PBXSourcesBuildPhase;
			buildActionMask = 2147483647;
			files = (
				8DA20F102A31F474006242CB /* GeometryProxy-Extension.swift in Sources */,
				8D95750A2A2B5A6000B66B19 /* ContentView.swift in Sources */,
				8D78E95D2A668C17003E244A /* MapImagePinSmall.swift in Sources */,
				8D78E95A2A668934003E244A /* ContentView3.swift in Sources */,
				8D78E9572A6686B6003E244A /* SwiftUIImageZoomViewer.swift in Sources */,
				8D9575082A2B5A6000B66B19 /* PinImageToImageTestApp.swift in Sources */,
				8D78E9612A66C3A2003E244A /* ContentView4.swift in Sources */,
				8D5542982A387C8A00E20AEC /* ContentView2.swift in Sources */,
				8D9575182A2B6A9C00B66B19 /* PinchAndZoomModifier.swift in Sources */,
			);
			runOnlyForDeploymentPostprocessing = 0;
		};
/* End PBXSourcesBuildPhase section */

/* Begin XCBuildConfiguration section */
		8D9575102A2B5A6100B66B19 /* Debug */ = {
			isa = XCBuildConfiguration;
			buildSettings = {
				ALWAYS_SEARCH_USER_PATHS = NO;
				CLANG_ANALYZER_NONNULL = YES;
				CLANG_ANALYZER_NUMBER_OBJECT_CONVERSION = YES_AGGRESSIVE;
				CLANG_CXX_LANGUAGE_STANDARD = "gnu++20";
				CLANG_ENABLE_MODULES = YES;
				CLANG_ENABLE_OBJC_ARC = YES;
				CLANG_ENABLE_OBJC_WEAK = YES;
				CLANG_WARN_BLOCK_CAPTURE_AUTORELEASING = YES;
				CLANG_WARN_BOOL_CONVERSION = YES;
				CLANG_WARN_COMMA = YES;
				CLANG_WARN_CONSTANT_CONVERSION = YES;
				CLANG_WARN_DEPRECATED_OBJC_IMPLEMENTATIONS = YES;
				CLANG_WARN_DIRECT_OBJC_ISA_USAGE = YES_ERROR;
				CLANG_WARN_DOCUMENTATION_COMMENTS = YES;
				CLANG_WARN_EMPTY_BODY = YES;
				CLANG_WARN_ENUM_CONVERSION = YES;
				CLANG_WARN_INFINITE_RECURSION = YES;
				CLANG_WARN_INT_CONVERSION = YES;
				CLANG_WARN_NON_LITERAL_NULL_CONVERSION = YES;
				CLANG_WARN_OBJC_IMPLICIT_RETAIN_SELF = YES;
				CLANG_WARN_OBJC_LITERAL_CONVERSION = YES;
				CLANG_WARN_OBJC_ROOT_CLASS = YES_ERROR;
				CLANG_WARN_QUOTED_INCLUDE_IN_FRAMEWORK_HEADER = YES;
				CLANG_WARN_RANGE_LOOP_ANALYSIS = YES;
				CLANG_WARN_STRICT_PROTOTYPES = YES;
				CLANG_WARN_SUSPICIOUS_MOVE = YES;
				CLANG_WARN_UNGUARDED_AVAILABILITY = YES_AGGRESSIVE;
				CLANG_WARN_UNREACHABLE_CODE = YES;
				CLANG_WARN__DUPLICATE_METHOD_MATCH = YES;
				COPY_PHASE_STRIP = NO;
				DEBUG_INFORMATION_FORMAT = dwarf;
				ENABLE_STRICT_OBJC_MSGSEND = YES;
				ENABLE_TESTABILITY = YES;
				GCC_C_LANGUAGE_STANDARD = gnu11;
				GCC_DYNAMIC_NO_PIC = NO;
				GCC_NO_COMMON_BLOCKS = YES;
				GCC_OPTIMIZATION_LEVEL = 0;
				GCC_PREPROCESSOR_DEFINITIONS = (
					"DEBUG=1",
					"$(inherited)",
				);
				GCC_WARN_64_TO_32_BIT_CONVERSION = YES;
				GCC_WARN_ABOUT_RETURN_TYPE = YES_ERROR;
				GCC_WARN_UNDECLARED_SELECTOR = YES;
				GCC_WARN_UNINITIALIZED_AUTOS = YES_AGGRESSIVE;
				GCC_WARN_UNUSED_FUNCTION = YES;
				GCC_WARN_UNUSED_VARIABLE = YES;
				IPHONEOS_DEPLOYMENT_TARGET = 16.4;
				MTL_ENABLE_DEBUG_INFO = INCLUDE_SOURCE;
				MTL_FAST_MATH = YES;
				ONLY_ACTIVE_ARCH = YES;
				SDKROOT = iphoneos;
				SWIFT_ACTIVE_COMPILATION_CONDITIONS = DEBUG;
				SWIFT_OPTIMIZATION_LEVEL = "-Onone";
			};
			name = Debug;
		};
		8D9575112A2B5A6100B66B19 /* Release */ = {
			isa = XCBuildConfiguration;
			buildSettings = {
				ALWAYS_SEARCH_USER_PATHS = NO;
				CLANG_ANALYZER_NONNULL = YES;
				CLANG_ANALYZER_NUMBER_OBJECT_CONVERSION = YES_AGGRESSIVE;
				CLANG_CXX_LANGUAGE_STANDARD = "gnu++20";
				CLANG_ENABLE_MODULES = YES;
				CLANG_ENABLE_OBJC_ARC = YES;
				CLANG_ENABLE_OBJC_WEAK = YES;
				CLANG_WARN_BLOCK_CAPTURE_AUTORELEASING = YES;
				CLANG_WARN_BOOL_CONVERSION = YES;
				CLANG_WARN_COMMA = YES;
				CLANG_WARN_CONSTANT_CONVERSION = YES;
				CLANG_WARN_DEPRECATED_OBJC_IMPLEMENTATIONS = YES;
				CLANG_WARN_DIRECT_OBJC_ISA_USAGE = YES_ERROR;
				CLANG_WARN_DOCUMENTATION_COMMENTS = YES;
				CLANG_WARN_EMPTY_BODY = YES;
				CLANG_WARN_ENUM_CONVERSION = YES;
				CLANG_WARN_INFINITE_RECURSION = YES;
				CLANG_WARN_INT_CONVERSION = YES;
				CLANG_WARN_NON_LITERAL_NULL_CONVERSION = YES;
				CLANG_WARN_OBJC_IMPLICIT_RETAIN_SELF = YES;
				CLANG_WARN_OBJC_LITERAL_CONVERSION = YES;
				CLANG_WARN_OBJC_ROOT_CLASS = YES_ERROR;
				CLANG_WARN_QUOTED_INCLUDE_IN_FRAMEWORK_HEADER = YES;
				CLANG_WARN_RANGE_LOOP_ANALYSIS = YES;
				CLANG_WARN_STRICT_PROTOTYPES = YES;
				CLANG_WARN_SUSPICIOUS_MOVE = YES;
				CLANG_WARN_UNGUARDED_AVAILABILITY = YES_AGGRESSIVE;
				CLANG_WARN_UNREACHABLE_CODE = YES;
				CLANG_WARN__DUPLICATE_METHOD_MATCH = YES;
				COPY_PHASE_STRIP = NO;
				DEBUG_INFORMATION_FORMAT = "dwarf-with-dsym";
				ENABLE_NS_ASSERTIONS = NO;
				ENABLE_STRICT_OBJC_MSGSEND = YES;
				GCC_C_LANGUAGE_STANDARD = gnu11;
				GCC_NO_COMMON_BLOCKS = YES;
				GCC_WARN_64_TO_32_BIT_CONVERSION = YES;
				GCC_WARN_ABOUT_RETURN_TYPE = YES_ERROR;
				GCC_WARN_UNDECLARED_SELECTOR = YES;
				GCC_WARN_UNINITIALIZED_AUTOS = YES_AGGRESSIVE;
				GCC_WARN_UNUSED_FUNCTION = YES;
				GCC_WARN_UNUSED_VARIABLE = YES;
				IPHONEOS_DEPLOYMENT_TARGET = 16.4;
				MTL_ENABLE_DEBUG_INFO = NO;
				MTL_FAST_MATH = YES;
				SDKROOT = iphoneos;
				SWIFT_COMPILATION_MODE = wholemodule;
				SWIFT_OPTIMIZATION_LEVEL = "-O";
				VALIDATE_PRODUCT = YES;
			};
			name = Release;
		};
		8D9575132A2B5A6100B66B19 /* Debug */ = {
			isa = XCBuildConfiguration;
			buildSettings = {
				ASSETCATALOG_COMPILER_APPICON_NAME = AppIcon;
				ASSETCATALOG_COMPILER_GLOBAL_ACCENT_COLOR_NAME = AccentColor;
				CODE_SIGN_STYLE = Automatic;
				CURRENT_PROJECT_VERSION = 1;
				DEVELOPMENT_ASSET_PATHS = "\"PinImageToImageTest/Preview Content\"";
				DEVELOPMENT_TEAM = 6NZQ6U42QG;
				ENABLE_PREVIEWS = YES;
				GENERATE_INFOPLIST_FILE = YES;
				INFOPLIST_KEY_UIApplicationSceneManifest_Generation = YES;
				INFOPLIST_KEY_UIApplicationSupportsIndirectInputEvents = YES;
				INFOPLIST_KEY_UILaunchScreen_Generation = YES;
				INFOPLIST_KEY_UISupportedInterfaceOrientations_iPad = "UIInterfaceOrientationPortrait UIInterfaceOrientationPortraitUpsideDown UIInterfaceOrientationLandscapeLeft UIInterfaceOrientationLandscapeRight";
				INFOPLIST_KEY_UISupportedInterfaceOrientations_iPhone = "UIInterfaceOrientationPortrait UIInterfaceOrientationLandscapeLeft UIInterfaceOrientationLandscapeRight";
				LD_RUNPATH_SEARCH_PATHS = (
					"$(inherited)",
					"@executable_path/Frameworks",
				);
				MARKETING_VERSION = 1.0;
				PRODUCT_BUNDLE_IDENTIFIER = Test.PinImageToImageTest;
				PRODUCT_NAME = "$(TARGET_NAME)";
				SWIFT_EMIT_LOC_STRINGS = YES;
				SWIFT_VERSION = 5.0;
				TARGETED_DEVICE_FAMILY = "1,2";
			};
			name = Debug;
		};
		8D9575142A2B5A6100B66B19 /* Release */ = {
			isa = XCBuildConfiguration;
			buildSettings = {
				ASSETCATALOG_COMPILER_APPICON_NAME = AppIcon;
				ASSETCATALOG_COMPILER_GLOBAL_ACCENT_COLOR_NAME = AccentColor;
				CODE_SIGN_STYLE = Automatic;
				CURRENT_PROJECT_VERSION = 1;
				DEVELOPMENT_ASSET_PATHS = "\"PinImageToImageTest/Preview Content\"";
				DEVELOPMENT_TEAM = 6NZQ6U42QG;
				ENABLE_PREVIEWS = YES;
				GENERATE_INFOPLIST_FILE = YES;
				INFOPLIST_KEY_UIApplicationSceneManifest_Generation = YES;
				INFOPLIST_KEY_UIApplicationSupportsIndirectInputEvents = YES;
				INFOPLIST_KEY_UILaunchScreen_Generation = YES;
				INFOPLIST_KEY_UISupportedInterfaceOrientations_iPad = "UIInterfaceOrientationPortrait UIInterfaceOrientationPortraitUpsideDown UIInterfaceOrientationLandscapeLeft UIInterfaceOrientationLandscapeRight";
				INFOPLIST_KEY_UISupportedInterfaceOrientations_iPhone = "UIInterfaceOrientationPortrait UIInterfaceOrientationLandscapeLeft UIInterfaceOrientationLandscapeRight";
				LD_RUNPATH_SEARCH_PATHS = (
					"$(inherited)",
					"@executable_path/Frameworks",
				);
				MARKETING_VERSION = 1.0;
				PRODUCT_BUNDLE_IDENTIFIER = Test.PinImageToImageTest;
				PRODUCT_NAME = "$(TARGET_NAME)";
				SWIFT_EMIT_LOC_STRINGS = YES;
				SWIFT_VERSION = 5.0;
				TARGETED_DEVICE_FAMILY = "1,2";
			};
			name = Release;
		};
/* End XCBuildConfiguration section */

/* Begin XCConfigurationList section */
		8D9574FF2A2B5A6000B66B19 /* Build configuration list for PBXProject "PinImageToImageTest" */ = {
			isa = XCConfigurationList;
			buildConfigurations = (
				8D9575102A2B5A6100B66B19 /* Debug */,
				8D9575112A2B5A6100B66B19 /* Release */,
			);
			defaultConfigurationIsVisible = 0;
			defaultConfigurationName = Release;
		};
		8D9575122A2B5A6100B66B19 /* Build configuration list for PBXNativeTarget "PinImageToImageTest" */ = {
			isa = XCConfigurationList;
			buildConfigurations = (
				8D9575132A2B5A6100B66B19 /* Debug */,
				8D9575142A2B5A6100B66B19 /* Release */,
			);
			defaultConfigurationIsVisible = 0;
			defaultConfigurationName = Release;
		};
/* End XCConfigurationList section */
	};
	rootObject = 8D9574FC2A2B5A6000B66B19 /* Project object */;
}
